
Microsoft Visual Studio Solution File, Format Version 12.00
# Visual Studio Version 17
VisualStudioVersion = 17.10.34928.147
MinimumVisualStudioVersion = 10.0.40219.1
Project("{8BC9CEB8-8B4A-11D0-8D11-00A0C91BC942}") = "WinAPI", "WinAPI\WinAPI.vcxproj", "{398C2D2A-5158-4DCE-81BE-C98A11034C48}"
EndProject
Project("{8BC9CEB8-8B4A-11D0-8D11-00A0C91BC942}") = "DialogBox", "DialogBox\DialogBox.vcxproj", "{F6CFAF71-E930-44A7-BEE2-D611CD1A7E23}"
EndProject
Project("{8BC9CEB8-8B4A-11D0-8D11-00A0C91BC942}") = "ComboBox", "ComboBox\ComboBox.vcxproj", "{5E92A333-FB68-4503-97F7-C0FE90334A11}"
EndProject
Project("{8BC9CEB8-8B4A-11D0-8D11-00A0C91BC942}") = "ListBox", "ListBox\ListBox.vcxproj", "{2395D635-3D12-44D2-9018-E1BAED7C841E}"
EndProject
Project("{8BC9CEB8-8B4A-11D0-8D11-00A0C91BC942}") = "MainWindows", "MainWindows\MainWindows.vcxproj", "{EA8798C7-1543-45E6-8810-2527B30D3CB9}"
EndProject
Project("{8BC9CEB8-8B4A-11D0-8D11-00A0C91BC942}") = "Calc", "Calc\Calc.vcxproj", "{4A90C009-164F-4ADA-A49D-51F0F66F7624}"
EndProject
Global
	GlobalSection(SolutionConfigurationPlatforms) = preSolution
		Debug|x64 = Debug|x64
		Debug|x86 = Debug|x86
		Release|x64 = Release|x64
		Release|x86 = Release|x86
	EndGlobalSection
	GlobalSection(ProjectConfigurationPlatforms) = postSolution
		{398C2D2A-5158-4DCE-81BE-C98A11034C48}.Debug|x64.ActiveCfg = Debug|x64
		{398C2D2A-5158-4DCE-81BE-C98A11034C48}.Debug|x64.Build.0 = Debug|x64
		{398C2D2A-5158-4DCE-81BE-C98A11034C48}.Debug|x86.ActiveCfg = Debug|Win32
		{398C2D2A-5158-4DCE-81BE-C98A11034C48}.Debug|x86.Build.0 = Debug|Win32
		{398C2D2A-5158-4DCE-81BE-C98A11034C48}.Release|x64.ActiveCfg = Release|x64
		{398C2D2A-5158-4DCE-81BE-C98A11034C48}.Release|x64.Build.0 = Release|x64
		{398C2D2A-5158-4DCE-81BE-C98A11034C48}.Release|x86.ActiveCfg = Release|Win32
		{398C2D2A-5158-4DCE-81BE-C98A11034C48}.Release|x86.Build.0 = Release|Win32
		{F6CFAF71-E930-44A7-BEE2-D611CD1A7E23}.Debug|x64.ActiveCfg = Debug|x64
		{F6CFAF71-E930-44A7-BEE2-D611CD1A7E23}.Debug|x64.Build.0 = Debug|x64
		{F6CFAF71-E930-44A7-BEE2-D611CD1A7E23}.Debug|x86.ActiveCfg = Debug|Win32
		{F6CFAF71-E930-44A7-BEE2-D611CD1A7E23}.Debug|x86.Build.0 = Debug|Win32
		{F6CFAF71-E930-44A7-BEE2-D611CD1A7E23}.Release|x64.ActiveCfg = Release|x64
		{F6CFAF71-E930-44A7-BEE2-D611CD1A7E23}.Release|x64.Build.0 = Release|x64
		{F6CFAF71-E930-44A7-BEE2-D611CD1A7E23}.Release|x86.ActiveCfg = Release|Win32
		{F6CFAF71-E930-44A7-BEE2-D611CD1A7E23}.Release|x86.Build.0 = Release|Win32
		{5E92A333-FB68-4503-97F7-C0FE90334A11}.Debug|x64.ActiveCfg = Debug|x64
		{5E92A333-FB68-4503-97F7-C0FE90334A11}.Debug|x64.Build.0 = Debug|x64
		{5E92A333-FB68-4503-97F7-C0FE90334A11}.Debug|x86.ActiveCfg = Debug|Win32
		{5E92A333-FB68-4503-97F7-C0FE90334A11}.Debug|x86.Build.0 = Debug|Win32
		{5E92A333-FB68-4503-97F7-C0FE90334A11}.Release|x64.ActiveCfg = Release|x64
		{5E92A333-FB68-4503-97F7-C0FE90334A11}.Release|x64.Build.0 = Release|x64
		{5E92A333-FB68-4503-97F7-C0FE90334A11}.Release|x86.ActiveCfg = Release|Win32
		{5E92A333-FB68-4503-97F7-C0FE90334A11}.Release|x86.Build.0 = Release|Win32
		{2395D635-3D12-44D2-9018-E1BAED7C841E}.Debug|x64.ActiveCfg = Debug|x64
		{2395D635-3D12-44D2-9018-E1BAED7C841E}.Debug|x64.Build.0 = Debug|x64
		{2395D635-3D12-44D2-9018-E1BAED7C841E}.Debug|x86.ActiveCfg = Debug|Win32
		{2395D635-3D12-44D2-9018-E1BAED7C841E}.Debug|x86.Build.0 = Debug|Win32
		{2395D635-3D12-44D2-9018-E1BAED7C841E}.Release|x64.ActiveCfg = Release|x64
		{2395D635-3D12-44D2-9018-E1BAED7C841E}.Release|x64.Build.0 = Release|x64
		{2395D635-3D12-44D2-9018-E1BAED7C841E}.Release|x86.ActiveCfg = Release|Win32
		{2395D635-3D12-44D2-9018-E1BAED7C841E}.Release|x86.Build.0 = Release|Win32
		{EA8798C7-1543-45E6-8810-2527B30D3CB9}.Debug|x64.ActiveCfg = Debug|x64
		{EA8798C7-1543-45E6-8810-2527B30D3CB9}.Debug|x64.Build.0 = Debug|x64
		{EA8798C7-1543-45E6-8810-2527B30D3CB9}.Debug|x86.ActiveCfg = Debug|Win32
		{EA8798C7-1543-45E6-8810-2527B30D3CB9}.Debug|x86.Build.0 = Debug|Win32
		{EA8798C7-1543-45E6-8810-2527B30D3CB9}.Release|x64.ActiveCfg = Release|x64
		{EA8798C7-1543-45E6-8810-2527B30D3CB9}.Release|x64.Build.0 = Release|x64
		{EA8798C7-1543-45E6-8810-2527B30D3CB9}.Release|x86.ActiveCfg = Release|Win32
		{EA8798C7-1543-45E6-8810-2527B30D3CB9}.Release|x86.Build.0 = Release|Win32
		{4A90C009-164F-4ADA-A49D-51F0F66F7624}.Debug|x64.ActiveCfg = Debug|x64
		{4A90C009-164F-4ADA-A49D-51F0F66F7624}.Debug|x64.Build.0 = Debug|x64
		{4A90C009-164F-4ADA-A49D-51F0F66F7624}.Debug|x86.ActiveCfg = Debug|Win32
		{4A90C009-164F-4ADA-A49D-51F0F66F7624}.Debug|x86.Build.0 = Debug|Win32
		{4A90C009-164F-4ADA-A49D-51F0F66F7624}.Release|x64.ActiveCfg = Release|x64
		{4A90C009-164F-4ADA-A49D-51F0F66F7624}.Release|x64.Build.0 = Release|x64
		{4A90C009-164F-4ADA-A49D-51F0F66F7624}.Release|x86.ActiveCfg = Release|Win32
		{4A90C009-164F-4ADA-A49D-51F0F66F7624}.Release|x86.Build.0 = Release|Win32
	EndGlobalSection
	GlobalSection(SolutionProperties) = preSolution
		HideSolutionNode = FALSE
	EndGlobalSection
	GlobalSection(ExtensibilityGlobals) = postSolution
		SolutionGuid = {B67AD0B6-9AF7-4FB4-A5B0-91429DD81271}
	EndGlobalSection
EndGlobal
